
Microsoft Visual Studio Solution File, Format Version 12.00
# Visual Studio Version 17
VisualStudioVersion = 17.6.33815.320
MinimumVisualStudioVersion = 10.0.40219.1
Project("{9A19103F-16F7-4668-BE54-9A1E7A4F7556}") = "Catalog.Api", "Services\Catalog\Catalog.Api\Catalog.Api.csproj", "{8B76AB97-8369-4660-AE6B-5B338ACC8011}"
EndProject
Project("{2150E333-8FDC-42A3-9474-1A3956D46DE8}") = "Services", "Services", "{93A42FE3-1C17-4F93-8C14-4F1A4D62868E}"
EndProject
Project("{2150E333-8FDC-42A3-9474-1A3956D46DE8}") = "Catalog", "Catalog", "{29D7A33B-A918-498A-A056-ECA10B26E4BE}"
EndProject
Project("{2150E333-8FDC-42A3-9474-1A3956D46DE8}") = "Catalog.Api", "Catalog.Api", "{033E2517-D66F-47EB-AD8C-C75B28B9FA06}"
EndProject
Project("{2150E333-8FDC-42A3-9474-1A3956D46DE8}") = "Catalog.Application", "Catalog.Application", "{D293BD9B-A7F3-4A82-8EA7-77F73016EF86}"
EndProject
Project("{2150E333-8FDC-42A3-9474-1A3956D46DE8}") = "Catalog.Core", "Catalog.Core", "{A86B0627-FDAE-4FB6-8831-80A29668A028}"
EndProject
Project("{2150E333-8FDC-42A3-9474-1A3956D46DE8}") = "Catalog.Infrastructure", "Catalog.Infrastructure", "{7E7B7880-FD0F-4BA8-B8B1-4E924B0FD37C}"
EndProject
Project("{9A19103F-16F7-4668-BE54-9A1E7A4F7556}") = "Catalog.Application", "Services\Catalog\Catalog.Application\Catalog.Application.csproj", "{EB3AEB49-75D9-4B0D-B6D4-B2FD2C5FEB81}"
EndProject
Project("{9A19103F-16F7-4668-BE54-9A1E7A4F7556}") = "Catalog.Core", "Services\Catalog\Catalog.Core\Catalog.Core.csproj", "{6293A4AD-6904-47A7-8DF8-3FE594B401E2}"
EndProject
Project("{9A19103F-16F7-4668-BE54-9A1E7A4F7556}") = "Catalog.Infrastructure", "Services\Catalog\Catalog.Infrastructure\Catalog.Infrastructure.csproj", "{7B6B06DD-32A7-461C-80B7-C852750EB5FE}"
EndProject
Project("{E53339B2-1760-4266-BCC7-CA923CBCF16C}") = "docker-compose", "docker-compose.dcproj", "{F32CA1D6-8B28-471B-B20E-B77F0CDF02D1}"
EndProject
Project("{2150E333-8FDC-42A3-9474-1A3956D46DE8}") = "Basket", "Basket", "{6ACD9C8C-2864-4E5C-835D-572BCE2BF074}"
EndProject
Project("{2150E333-8FDC-42A3-9474-1A3956D46DE8}") = "Basket.Api", "Basket.Api", "{F5215AF3-D736-4ED7-BE60-4718B4FFC6D6}"
EndProject
Project("{2150E333-8FDC-42A3-9474-1A3956D46DE8}") = "Basket.Application", "Basket.Application", "{9E93027D-25AC-464C-B2F6-BFE4563D1B6B}"
EndProject
Project("{9A19103F-16F7-4668-BE54-9A1E7A4F7556}") = "Basket.Application", "Services\Basket\Basket.Application\Basket.Application\Basket.Application.csproj", "{7E760A72-276E-477C-B37E-374E7ECCA970}"
EndProject
Project("{9A19103F-16F7-4668-BE54-9A1E7A4F7556}") = "Basket.Api", "Services\Basket\Basket.Api\Basket.Api.csproj", "{D069A96E-97C7-49C6-8DAA-061DA525462E}"
EndProject
Project("{2150E333-8FDC-42A3-9474-1A3956D46DE8}") = "Basket.Core", "Basket.Core", "{2185BBCA-D846-45E7-A0B4-B534F7F38121}"
EndProject
Project("{9A19103F-16F7-4668-BE54-9A1E7A4F7556}") = "Basket.Core", "Services\Basket\Basket.Core\Baket.Core\Basket.Core.csproj", "{68F474C9-05AE-4438-9FE9-6BBED0D6016F}"
EndProject
Project("{9A19103F-16F7-4668-BE54-9A1E7A4F7556}") = "Basket.Infrastructure", "Services\Basket\Basket.Infrastructure\Basket.Infrastructure\Basket.Infrastructure.csproj", "{5A16C921-C1D2-46CE-AC62-99429043D788}"
EndProject
Project("{2150E333-8FDC-42A3-9474-1A3956D46DE8}") = "Basket.Infrastructure", "Basket.Infrastructure", "{76CD2714-401C-4CC5-909F-667B7FD6A38F}"
EndProject
Project("{2150E333-8FDC-42A3-9474-1A3956D46DE8}") = "Discount", "Discount", "{AF1A7D9B-3BAF-4828-834D-1A15D9D60A17}"
EndProject
Project("{2150E333-8FDC-42A3-9474-1A3956D46DE8}") = "Discount.Core", "Discount.Core", "{411F2E4C-4F00-4527-BA03-6BE40F402BD8}"
EndProject
Project("{9A19103F-16F7-4668-BE54-9A1E7A4F7556}") = "Discount.Core", "Services\Discount\Discount.Core\Discount.Core.csproj", "{474C9A73-7CD3-48DA-9114-5CEB48D5EE78}"
EndProject
Project("{2150E333-8FDC-42A3-9474-1A3956D46DE8}") = "Discount.Api", "Discount.Api", "{411F2E4C-4F00-4527-3333-6BE40F402BD8}"
EndProject
Project("{9A19103F-16F7-4668-BE54-9A1E7A4F7556}") = "Discount.Api", "Services\Discount\Discount.Api\Discount.Api.csproj", "{4C1E2041-F19B-489E-9CBB-87D3234A1274}"
EndProject
Project("{2150E333-8FDC-42A3-9474-1A3956D46DE8}") = "Discount.Application", "Discount.Application", "{3250E6DF-08C7-4C9A-A991-1660B671C852}"
EndProject
Project("{2150E333-8FDC-42A3-9474-1A3956D46DE8}") = "Discount.Infrastructure", "Discount.Infrastructure", "{05FC138C-2F87-4254-8ED7-28C091B3430E}"
EndProject
Project("{FAE04EC0-301F-11D3-BF4B-00C04F79EFBC}") = "Discount.Application", "Services\Discount\Discount.Application\Discount.Application\Discount.Application.csproj", "{641E1B72-BC70-404A-AAE0-8C04217AFD44}"
EndProject
Project("{FAE04EC0-301F-11D3-BF4B-00C04F79EFBC}") = "Discount.Infrastructure", "Services\Discount\Discount.Infrastructure\Discount.Infrastructure.csproj", "{C957186B-037D-4C28-B2F3-5D59CFC17130}"
EndProject
Global
	GlobalSection(SolutionConfigurationPlatforms) = preSolution
		Debug|Any CPU = Debug|Any CPU
		Release|Any CPU = Release|Any CPU
	EndGlobalSection
	GlobalSection(ProjectConfigurationPlatforms) = postSolution
		{8B76AB97-8369-4660-AE6B-5B338ACC8011}.Debug|Any CPU.ActiveCfg = Debug|Any CPU
		{8B76AB97-8369-4660-AE6B-5B338ACC8011}.Debug|Any CPU.Build.0 = Debug|Any CPU
		{8B76AB97-8369-4660-AE6B-5B338ACC8011}.Release|Any CPU.ActiveCfg = Release|Any CPU
		{8B76AB97-8369-4660-AE6B-5B338ACC8011}.Release|Any CPU.Build.0 = Release|Any CPU
		{EB3AEB49-75D9-4B0D-B6D4-B2FD2C5FEB81}.Debug|Any CPU.ActiveCfg = Debug|Any CPU
		{EB3AEB49-75D9-4B0D-B6D4-B2FD2C5FEB81}.Debug|Any CPU.Build.0 = Debug|Any CPU
		{EB3AEB49-75D9-4B0D-B6D4-B2FD2C5FEB81}.Release|Any CPU.ActiveCfg = Release|Any CPU
		{EB3AEB49-75D9-4B0D-B6D4-B2FD2C5FEB81}.Release|Any CPU.Build.0 = Release|Any CPU
		{6293A4AD-6904-47A7-8DF8-3FE594B401E2}.Debug|Any CPU.ActiveCfg = Debug|Any CPU
		{6293A4AD-6904-47A7-8DF8-3FE594B401E2}.Debug|Any CPU.Build.0 = Debug|Any CPU
		{6293A4AD-6904-47A7-8DF8-3FE594B401E2}.Release|Any CPU.ActiveCfg = Release|Any CPU
		{6293A4AD-6904-47A7-8DF8-3FE594B401E2}.Release|Any CPU.Build.0 = Release|Any CPU
		{7B6B06DD-32A7-461C-80B7-C852750EB5FE}.Debug|Any CPU.ActiveCfg = Debug|Any CPU
		{7B6B06DD-32A7-461C-80B7-C852750EB5FE}.Debug|Any CPU.Build.0 = Debug|Any CPU
		{7B6B06DD-32A7-461C-80B7-C852750EB5FE}.Release|Any CPU.ActiveCfg = Release|Any CPU
		{7B6B06DD-32A7-461C-80B7-C852750EB5FE}.Release|Any CPU.Build.0 = Release|Any CPU
		{F32CA1D6-8B28-471B-B20E-B77F0CDF02D1}.Debug|Any CPU.ActiveCfg = Debug|Any CPU
		{F32CA1D6-8B28-471B-B20E-B77F0CDF02D1}.Debug|Any CPU.Build.0 = Debug|Any CPU
		{F32CA1D6-8B28-471B-B20E-B77F0CDF02D1}.Release|Any CPU.ActiveCfg = Release|Any CPU
		{F32CA1D6-8B28-471B-B20E-B77F0CDF02D1}.Release|Any CPU.Build.0 = Release|Any CPU
		{7E760A72-276E-477C-B37E-374E7ECCA970}.Debug|Any CPU.ActiveCfg = Debug|Any CPU
		{7E760A72-276E-477C-B37E-374E7ECCA970}.Debug|Any CPU.Build.0 = Debug|Any CPU
		{7E760A72-276E-477C-B37E-374E7ECCA970}.Release|Any CPU.ActiveCfg = Release|Any CPU
		{7E760A72-276E-477C-B37E-374E7ECCA970}.Release|Any CPU.Build.0 = Release|Any CPU
		{D069A96E-97C7-49C6-8DAA-061DA525462E}.Debug|Any CPU.ActiveCfg = Debug|Any CPU
		{D069A96E-97C7-49C6-8DAA-061DA525462E}.Debug|Any CPU.Build.0 = Debug|Any CPU
		{D069A96E-97C7-49C6-8DAA-061DA525462E}.Release|Any CPU.ActiveCfg = Release|Any CPU
		{D069A96E-97C7-49C6-8DAA-061DA525462E}.Release|Any CPU.Build.0 = Release|Any CPU
		{68F474C9-05AE-4438-9FE9-6BBED0D6016F}.Debug|Any CPU.ActiveCfg = Debug|Any CPU
		{68F474C9-05AE-4438-9FE9-6BBED0D6016F}.Debug|Any CPU.Build.0 = Debug|Any CPU
		{68F474C9-05AE-4438-9FE9-6BBED0D6016F}.Release|Any CPU.ActiveCfg = Release|Any CPU
		{68F474C9-05AE-4438-9FE9-6BBED0D6016F}.Release|Any CPU.Build.0 = Release|Any CPU
		{5A16C921-C1D2-46CE-AC62-99429043D788}.Debug|Any CPU.ActiveCfg = Debug|Any CPU
		{5A16C921-C1D2-46CE-AC62-99429043D788}.Debug|Any CPU.Build.0 = Debug|Any CPU
		{5A16C921-C1D2-46CE-AC62-99429043D788}.Release|Any CPU.ActiveCfg = Release|Any CPU
		{5A16C921-C1D2-46CE-AC62-99429043D788}.Release|Any CPU.Build.0 = Release|Any CPU
		{474C9A73-7CD3-48DA-9114-5CEB48D5EE78}.Debug|Any CPU.ActiveCfg = Debug|Any CPU
		{474C9A73-7CD3-48DA-9114-5CEB48D5EE78}.Debug|Any CPU.Build.0 = Debug|Any CPU
		{474C9A73-7CD3-48DA-9114-5CEB48D5EE78}.Release|Any CPU.ActiveCfg = Release|Any CPU
		{474C9A73-7CD3-48DA-9114-5CEB48D5EE78}.Release|Any CPU.Build.0 = Release|Any CPU
		{4C1E2041-F19B-489E-9CBB-87D3234A1274}.Debug|Any CPU.ActiveCfg = Debug|Any CPU
		{4C1E2041-F19B-489E-9CBB-87D3234A1274}.Debug|Any CPU.Build.0 = Debug|Any CPU
		{4C1E2041-F19B-489E-9CBB-87D3234A1274}.Release|Any CPU.ActiveCfg = Release|Any CPU
		{4C1E2041-F19B-489E-9CBB-87D3234A1274}.Release|Any CPU.Build.0 = Release|Any CPU
		{641E1B72-BC70-404A-AAE0-8C04217AFD44}.Debug|Any CPU.ActiveCfg = Debug|Any CPU
		{641E1B72-BC70-404A-AAE0-8C04217AFD44}.Debug|Any CPU.Build.0 = Debug|Any CPU
		{641E1B72-BC70-404A-AAE0-8C04217AFD44}.Release|Any CPU.ActiveCfg = Release|Any CPU
		{641E1B72-BC70-404A-AAE0-8C04217AFD44}.Release|Any CPU.Build.0 = Release|Any CPU
		{C957186B-037D-4C28-B2F3-5D59CFC17130}.Debug|Any CPU.ActiveCfg = Debug|Any CPU
		{C957186B-037D-4C28-B2F3-5D59CFC17130}.Debug|Any CPU.Build.0 = Debug|Any CPU
		{C957186B-037D-4C28-B2F3-5D59CFC17130}.Release|Any CPU.ActiveCfg = Release|Any CPU
		{C957186B-037D-4C28-B2F3-5D59CFC17130}.Release|Any CPU.Build.0 = Release|Any CPU
	EndGlobalSection
	GlobalSection(SolutionProperties) = preSolution
		HideSolutionNode = FALSE
	EndGlobalSection
	GlobalSection(NestedProjects) = preSolution
		{8B76AB97-8369-4660-AE6B-5B338ACC8011} = {033E2517-D66F-47EB-AD8C-C75B28B9FA06}
		{29D7A33B-A918-498A-A056-ECA10B26E4BE} = {93A42FE3-1C17-4F93-8C14-4F1A4D62868E}
		{033E2517-D66F-47EB-AD8C-C75B28B9FA06} = {29D7A33B-A918-498A-A056-ECA10B26E4BE}
		{D293BD9B-A7F3-4A82-8EA7-77F73016EF86} = {29D7A33B-A918-498A-A056-ECA10B26E4BE}
		{A86B0627-FDAE-4FB6-8831-80A29668A028} = {29D7A33B-A918-498A-A056-ECA10B26E4BE}
		{7E7B7880-FD0F-4BA8-B8B1-4E924B0FD37C} = {29D7A33B-A918-498A-A056-ECA10B26E4BE}
		{EB3AEB49-75D9-4B0D-B6D4-B2FD2C5FEB81} = {D293BD9B-A7F3-4A82-8EA7-77F73016EF86}
		{6293A4AD-6904-47A7-8DF8-3FE594B401E2} = {A86B0627-FDAE-4FB6-8831-80A29668A028}
		{7B6B06DD-32A7-461C-80B7-C852750EB5FE} = {7E7B7880-FD0F-4BA8-B8B1-4E924B0FD37C}
		{6ACD9C8C-2864-4E5C-835D-572BCE2BF074} = {93A42FE3-1C17-4F93-8C14-4F1A4D62868E}
		{F5215AF3-D736-4ED7-BE60-4718B4FFC6D6} = {6ACD9C8C-2864-4E5C-835D-572BCE2BF074}
		{9E93027D-25AC-464C-B2F6-BFE4563D1B6B} = {6ACD9C8C-2864-4E5C-835D-572BCE2BF074}
		{7E760A72-276E-477C-B37E-374E7ECCA970} = {9E93027D-25AC-464C-B2F6-BFE4563D1B6B}
		{D069A96E-97C7-49C6-8DAA-061DA525462E} = {F5215AF3-D736-4ED7-BE60-4718B4FFC6D6}
		{2185BBCA-D846-45E7-A0B4-B534F7F38121} = {6ACD9C8C-2864-4E5C-835D-572BCE2BF074}
		{68F474C9-05AE-4438-9FE9-6BBED0D6016F} = {2185BBCA-D846-45E7-A0B4-B534F7F38121}
		{5A16C921-C1D2-46CE-AC62-99429043D788} = {76CD2714-401C-4CC5-909F-667B7FD6A38F}
		{76CD2714-401C-4CC5-909F-667B7FD6A38F} = {6ACD9C8C-2864-4E5C-835D-572BCE2BF074}
		{AF1A7D9B-3BAF-4828-834D-1A15D9D60A17} = {93A42FE3-1C17-4F93-8C14-4F1A4D62868E}
		{411F2E4C-4F00-4527-BA03-6BE40F402BD8} = {AF1A7D9B-3BAF-4828-834D-1A15D9D60A17}
		{474C9A73-7CD3-48DA-9114-5CEB48D5EE78} = {411F2E4C-4F00-4527-BA03-6BE40F402BD8}
		{411F2E4C-4F00-4527-3333-6BE40F402BD8} = {AF1A7D9B-3BAF-4828-834D-1A15D9D60A17}
		{4C1E2041-F19B-489E-9CBB-87D3234A1274} = {411F2E4C-4F00-4527-3333-6BE40F402BD8}
		{3250E6DF-08C7-4C9A-A991-1660B671C852} = {AF1A7D9B-3BAF-4828-834D-1A15D9D60A17}
		{05FC138C-2F87-4254-8ED7-28C091B3430E} = {AF1A7D9B-3BAF-4828-834D-1A15D9D60A17}
		{641E1B72-BC70-404A-AAE0-8C04217AFD44} = {3250E6DF-08C7-4C9A-A991-1660B671C852}
		{C957186B-037D-4C28-B2F3-5D59CFC17130} = {05FC138C-2F87-4254-8ED7-28C091B3430E}
	EndGlobalSection
	GlobalSection(ExtensibilityGlobals) = postSolution
		SolutionGuid = {D8A9AD94-FA0E-4D59-A66A-F223477D9B85}
	EndGlobalSection
EndGlobal
